
Microsoft Visual Studio Solution File, Format Version 12.00
# Visual Studio 15
VisualStudioVersion = 15.0.27428.2037
MinimumVisualStudioVersion = 10.0.40219.1
Project("{FAE04EC0-301F-11D3-BF4B-00C04F79EFBC}") = "RedTopPdfLib", "RedTopPdfLib\RedTopPdfLib.csproj", "{70A7B11E-9502-4953-AD91-C74B1815F922}"
EndProject
Project("{FAE04EC0-301F-11D3-BF4B-00C04F79EFBC}") = "Test", "Test\Test.csproj", "{933A5C4C-A709-4B7E-85B1-7288F022F6B2}"
EndProject
Global
	GlobalSection(SolutionConfigurationPlatforms) = preSolution
		Debug|Any CPU = Debug|Any CPU
		Release|Any CPU = Release|Any CPU
	EndGlobalSection
	GlobalSection(ProjectConfigurationPlatforms) = postSolution
		{70A7B11E-9502-4953-AD91-C74B1815F922}.Debug|Any CPU.ActiveCfg = Debug|Any CPU
		{70A7B11E-9502-4953-AD91-C74B1815F922}.Debug|Any CPU.Build.0 = Debug|Any CPU
		{70A7B11E-9502-4953-AD91-C74B1815F922}.Release|Any CPU.ActiveCfg = Release|Any CPU
		{70A7B11E-9502-4953-AD91-C74B1815F922}.Release|Any CPU.Build.0 = Release|Any CPU
		{933A5C4C-A709-4B7E-85B1-7288F022F6B2}.Debug|Any CPU.ActiveCfg = Debug|Any CPU
		{933A5C4C-A709-4B7E-85B1-7288F022F6B2}.Debug|Any CPU.Build.0 = Debug|Any CPU
		{933A5C4C-A709-4B7E-85B1-7288F022F6B2}.Release|Any CPU.ActiveCfg = Release|Any CPU
		{933A5C4C-A709-4B7E-85B1-7288F022F6B2}.Release|Any CPU.Build.0 = Release|Any CPU
	EndGlobalSection
	GlobalSection(SolutionProperties) = preSolution
		HideSolutionNode = FALSE
	EndGlobalSection
	GlobalSection(ExtensibilityGlobals) = postSolution
		SolutionGuid = {5EBC2034-34C8-4AF4-8BC4-A9BF1122E1E2}
	EndGlobalSection
EndGlobal
